// !$*UTF8*$!
{
	archiveVersion = 1;
	classes = {
	};
	objectVersion = 50;
	objects = {

/* Begin PBXBuildFile section */
		58603329AC63E68C9DFAE380 /* Settings.swift in Sources */ = {isa = PBXBuildFile; fileRef = 586034DC73AA58298B576B3B /* Settings.swift */; };
		586038747210C3C04AB2F9DB /* Video.swift in Sources */ = {isa = PBXBuildFile; fileRef = 5860316A3A0EE3BDE353BF02 /* Video.swift */; };
		5860387CF0B8B9689DBA7676 /* MenuCell.swift in Sources */ = {isa = PBXBuildFile; fileRef = 586030FCA14E4884D5880F16 /* MenuCell.swift */; };
		586039E0A37AEC94B19B8AC2 /* BaseCell.swift in Sources */ = {isa = PBXBuildFile; fileRef = 586037F0A1289D7861361517 /* BaseCell.swift */; };
		58603F97873BC9573E030CEE /* CustomImageView.swift in Sources */ = {isa = PBXBuildFile; fileRef = 58603C27824FEAA2BE0AC1F5 /* CustomImageView.swift */; };
		845FB89123C4CED500D0F167 /* Extensions.swift in Sources */ = {isa = PBXBuildFile; fileRef = 845FB89023C4CED500D0F167 /* Extensions.swift */; };
		845FB89423C4CF7300D0F167 /* VideoCell.swift in Sources */ = {isa = PBXBuildFile; fileRef = 845FB89323C4CF7300D0F167 /* VideoCell.swift */; };
		845FB89723C4D97B00D0F167 /* MenuBar.swift in Sources */ = {isa = PBXBuildFile; fileRef = 845FB89623C4D97B00D0F167 /* MenuBar.swift */; };
		84C8329523C1ACBD003FF96E /* AppDelegate.swift in Sources */ = {isa = PBXBuildFile; fileRef = 84C8329423C1ACBD003FF96E /* AppDelegate.swift */; };
		84C8329B23C1ACBF003FF96E /* Assets.xcassets in Resources */ = {isa = PBXBuildFile; fileRef = 84C8329A23C1ACBF003FF96E /* Assets.xcassets */; };
		84C8329E23C1ACBF003FF96E /* Preview Assets.xcassets in Resources */ = {isa = PBXBuildFile; fileRef = 84C8329D23C1ACBF003FF96E /* Preview Assets.xcassets */; };
		84C832A123C1ACBF003FF96E /* LaunchScreen.storyboard in Resources */ = {isa = PBXBuildFile; fileRef = 84C8329F23C1ACBF003FF96E /* LaunchScreen.storyboard */; };
		84C832A923C1B0FD003FF96E /* HomeController.swift in Sources */ = {isa = PBXBuildFile; fileRef = 84C832A823C1B0FD003FF96E /* HomeController.swift */; };
		84CD455723C9847B00150A1B /* Channel.swift in Sources */ = {isa = PBXBuildFile; fileRef = 84CD455623C9847B00150A1B /* Channel.swift */; };
/* End PBXBuildFile section */

/* Begin PBXFileReference section */
		586030FCA14E4884D5880F16 /* MenuCell.swift */ = {isa = PBXFileReference; fileEncoding = 4; lastKnownFileType = sourcecode.swift; path = MenuCell.swift; sourceTree = "<group>"; };
		5860316A3A0EE3BDE353BF02 /* Video.swift */ = {isa = PBXFileReference; fileEncoding = 4; lastKnownFileType = sourcecode.swift; path = Video.swift; sourceTree = "<group>"; };
		586034DC73AA58298B576B3B /* Settings.swift */ = {isa = PBXFileReference; fileEncoding = 4; lastKnownFileType = sourcecode.swift; path = Settings.swift; sourceTree = "<group>"; };
		586037F0A1289D7861361517 /* BaseCell.swift */ = {isa = PBXFileReference; fileEncoding = 4; lastKnownFileType = sourcecode.swift; path = BaseCell.swift; sourceTree = "<group>"; };
		58603C27824FEAA2BE0AC1F5 /* CustomImageView.swift */ = {isa = PBXFileReference; fileEncoding = 4; lastKnownFileType = sourcecode.swift; path = CustomImageView.swift; sourceTree = "<group>"; };
		845FB89023C4CED500D0F167 /* Extensions.swift */ = {isa = PBXFileReference; lastKnownFileType = sourcecode.swift; path = Extensions.swift; sourceTree = "<group>"; };
		845FB89323C4CF7300D0F167 /* VideoCell.swift */ = {isa = PBXFileReference; lastKnownFileType = sourcecode.swift; path = VideoCell.swift; sourceTree = "<group>"; };
		845FB89623C4D97B00D0F167 /* MenuBar.swift */ = {isa = PBXFileReference; lastKnownFileType = sourcecode.swift; path = MenuBar.swift; sourceTree = "<group>"; };
		84C8329123C1ACBD003FF96E /* YouTubeTutorial.app */ = {isa = PBXFileReference; explicitFileType = wrapper.application; includeInIndex = 0; path = YouTubeTutorial.app; sourceTree = BUILT_PRODUCTS_DIR; };
		84C8329423C1ACBD003FF96E /* AppDelegate.swift */ = {isa = PBXFileReference; lastKnownFileType = sourcecode.swift; path = AppDelegate.swift; sourceTree = "<group>"; };
		84C8329A23C1ACBF003FF96E /* Assets.xcassets */ = {isa = PBXFileReference; lastKnownFileType = folder.assetcatalog; path = Assets.xcassets; sourceTree = "<group>"; };
		84C8329D23C1ACBF003FF96E /* Preview Assets.xcassets */ = {isa = PBXFileReference; lastKnownFileType = folder.assetcatalog; path = "Preview Assets.xcassets"; sourceTree = "<group>"; };
		84C832A023C1ACBF003FF96E /* Base */ = {isa = PBXFileReference; lastKnownFileType = file.storyboard; name = Base; path = Base.lproj/LaunchScreen.storyboard; sourceTree = "<group>"; };
		84C832A223C1ACBF003FF96E /* Info.plist */ = {isa = PBXFileReference; lastKnownFileType = text.plist.xml; path = Info.plist; sourceTree = "<group>"; };
		84C832A823C1B0FD003FF96E /* HomeController.swift */ = {isa = PBXFileReference; lastKnownFileType = sourcecode.swift; path = HomeController.swift; sourceTree = "<group>"; };
		84CD455623C9847B00150A1B /* Channel.swift */ = {isa = PBXFileReference; lastKnownFileType = sourcecode.swift; path = Channel.swift; sourceTree = "<group>"; };
/* End PBXFileReference section */

/* Begin PBXFrameworksBuildPhase section */
		84C8328E23C1ACBD003FF96E /* Frameworks */ = {
			isa = PBXFrameworksBuildPhase;
			buildActionMask = 2147483647;
			files = (
			);
			runOnlyForDeploymentPostprocessing = 0;
		};
/* End PBXFrameworksBuildPhase section */

/* Begin PBXGroup section */
		58603355D05BA1A4464CBF9F /* Models */ = {
			isa = PBXGroup;
			children = (
				5860316A3A0EE3BDE353BF02 /* Video.swift */,
				84CD455623C9847B00150A1B /* Channel.swift */,
			);
			path = Models;
			sourceTree = "<group>";
		};
		845FB88F23C4CEAD00D0F167 /* Helpers */ = {
			isa = PBXGroup;
			children = (
				845FB89023C4CED500D0F167 /* Extensions.swift */,
			);
			path = Helpers;
			sourceTree = "<group>";
		};
		845FB89223C4CF5A00D0F167 /* Views */ = {
			isa = PBXGroup;
			children = (
				845FB89323C4CF7300D0F167 /* VideoCell.swift */,
				845FB89623C4D97B00D0F167 /* MenuBar.swift */,
				586037F0A1289D7861361517 /* BaseCell.swift */,
				586030FCA14E4884D5880F16 /* MenuCell.swift */,
				58603C27824FEAA2BE0AC1F5 /* CustomImageView.swift */,
			);
			path = Views;
			sourceTree = "<group>";
		};
		845FB89523C4D1FD00D0F167 /* Controllers */ = {
			isa = PBXGroup;
			children = (
				84C832A823C1B0FD003FF96E /* HomeController.swift */,
				586034DC73AA58298B576B3B /* Settings.swift */,
			);
			path = Controllers;
			sourceTree = "<group>";
		};
		84C8328823C1ACBD003FF96E = {
			isa = PBXGroup;
			children = (
				84C8329323C1ACBD003FF96E /* YouTubeTutorial */,
				84C8329223C1ACBD003FF96E /* Products */,
			);
			sourceTree = "<group>";
		};
		84C8329223C1ACBD003FF96E /* Products */ = {
			isa = PBXGroup;
			children = (
				84C8329123C1ACBD003FF96E /* YouTubeTutorial.app */,
			);
			name = Products;
			sourceTree = "<group>";
		};
		84C8329323C1ACBD003FF96E /* YouTubeTutorial */ = {
			isa = PBXGroup;
			children = (
				845FB89523C4D1FD00D0F167 /* Controllers */,
				845FB89223C4CF5A00D0F167 /* Views */,
				845FB88F23C4CEAD00D0F167 /* Helpers */,
				84C8329423C1ACBD003FF96E /* AppDelegate.swift */,
				84C8329A23C1ACBF003FF96E /* Assets.xcassets */,
				84C8329F23C1ACBF003FF96E /* LaunchScreen.storyboard */,
				84C832A223C1ACBF003FF96E /* Info.plist */,
				84C8329C23C1ACBF003FF96E /* Preview Content */,
				58603355D05BA1A4464CBF9F /* Models */,
			);
			path = YouTubeTutorial;
			sourceTree = "<group>";
		};
		84C8329C23C1ACBF003FF96E /* Preview Content */ = {
			isa = PBXGroup;
			children = (
				84C8329D23C1ACBF003FF96E /* Preview Assets.xcassets */,
			);
			path = "Preview Content";
			sourceTree = "<group>";
		};
/* End PBXGroup section */

/* Begin PBXNativeTarget section */
		84C8329023C1ACBD003FF96E /* YouTubeTutorial */ = {
			isa = PBXNativeTarget;
			buildConfigurationList = 84C832A523C1ACBF003FF96E /* Build configuration list for PBXNativeTarget "YouTubeTutorial" */;
			buildPhases = (
				84C8328D23C1ACBD003FF96E /* Sources */,
				84C8328E23C1ACBD003FF96E /* Frameworks */,
				84C8328F23C1ACBD003FF96E /* Resources */,
			);
			buildRules = (
			);
			dependencies = (
			);
			name = YouTubeTutorial;
			productName = YouTubeTutorial;
			productReference = 84C8329123C1ACBD003FF96E /* YouTubeTutorial.app */;
			productType = "com.apple.product-type.application";
		};
/* End PBXNativeTarget section */

/* Begin PBXProject section */
		84C8328923C1ACBD003FF96E /* Project object */ = {
			isa = PBXProject;
			attributes = {
				LastSwiftUpdateCheck = 1110;
				LastUpgradeCheck = 1110;
				ORGANIZATIONNAME = Admin;
				TargetAttributes = {
					84C8329023C1ACBD003FF96E = {
						CreatedOnToolsVersion = 11.1;
					};
				};
			};
			buildConfigurationList = 84C8328C23C1ACBD003FF96E /* Build configuration list for PBXProject "YouTubeTutorial" */;
			compatibilityVersion = "Xcode 9.3";
			developmentRegion = en;
			hasScannedForEncodings = 0;
			knownRegions = (
				en,
				Base,
			);
			mainGroup = 84C8328823C1ACBD003FF96E;
			productRefGroup = 84C8329223C1ACBD003FF96E /* Products */;
			projectDirPath = "";
			projectRoot = "";
			targets = (
				84C8329023C1ACBD003FF96E /* YouTubeTutorial */,
			);
		};
/* End PBXProject section */

/* Begin PBXResourcesBuildPhase section */
		84C8328F23C1ACBD003FF96E /* Resources */ = {
			isa = PBXResourcesBuildPhase;
			buildActionMask = 2147483647;
			files = (
				84C832A123C1ACBF003FF96E /* LaunchScreen.storyboard in Resources */,
				84C8329E23C1ACBF003FF96E /* Preview Assets.xcassets in Resources */,
				84C8329B23C1ACBF003FF96E /* Assets.xcassets in Resources */,
			);
			runOnlyForDeploymentPostprocessing = 0;
		};
/* End PBXResourcesBuildPhase section */

/* Begin PBXSourcesBuildPhase section */
		84C8328D23C1ACBD003FF96E /* Sources */ = {
			isa = PBXSourcesBuildPhase;
			buildActionMask = 2147483647;
			files = (
				84C8329523C1ACBD003FF96E /* AppDelegate.swift in Sources */,
				845FB89423C4CF7300D0F167 /* VideoCell.swift in Sources */,
				845FB89123C4CED500D0F167 /* Extensions.swift in Sources */,
				84C832A923C1B0FD003FF96E /* HomeController.swift in Sources */,
				845FB89723C4D97B00D0F167 /* MenuBar.swift in Sources */,
				586039E0A37AEC94B19B8AC2 /* BaseCell.swift in Sources */,
				5860387CF0B8B9689DBA7676 /* MenuCell.swift in Sources */,
				84CD455723C9847B00150A1B /* Channel.swift in Sources */,
				586038747210C3C04AB2F9DB /* Video.swift in Sources */,
				58603F97873BC9573E030CEE /* CustomImageView.swift in Sources */,
				58603329AC63E68C9DFAE380 /* Settings.swift in Sources */,
			);
			runOnlyForDeploymentPostprocessing = 0;
		};
/* End PBXSourcesBuildPhase section */

/* Begin PBXVariantGroup section */
		84C8329F23C1ACBF003FF96E /* LaunchScreen.storyboard */ = {
			isa = PBXVariantGroup;
			children = (
				84C832A023C1ACBF003FF96E /* Base */,
			);
			name = LaunchScreen.storyboard;
			sourceTree = "<group>";
		};
/* End PBXVariantGroup section */

/* Begin XCBuildConfiguration section */
		84C832A323C1ACBF003FF96E /* Debug */ = {
			isa = XCBuildConfiguration;
			buildSettings = {
				ALWAYS_SEARCH_USER_PATHS = NO;
				CLANG_ANALYZER_NONNULL = YES;
				CLANG_ANALYZER_NUMBER_OBJECT_CONVERSION = YES_AGGRESSIVE;
				CLANG_CXX_LANGUAGE_STANDARD = "gnu++14";
				CLANG_CXX_LIBRARY = "libc++";
				CLANG_ENABLE_MODULES = YES;
				CLANG_ENABLE_OBJC_ARC = YES;
				CLANG_ENABLE_OBJC_WEAK = YES;
				CLANG_WARN_BLOCK_CAPTURE_AUTORELEASING = YES;
				CLANG_WARN_BOOL_CONVERSION = YES;
				CLANG_WARN_COMMA = YES;
				CLANG_WARN_CONSTANT_CONVERSION = YES;
				CLANG_WARN_DEPRECATED_OBJC_IMPLEMENTATIONS = YES;
				CLANG_WARN_DIRECT_OBJC_ISA_USAGE = YES_ERROR;
				CLANG_WARN_DOCUMENTATION_COMMENTS = YES;
				CLANG_WARN_EMPTY_BODY = YES;
				CLANG_WARN_ENUM_CONVERSION = YES;
				CLANG_WARN_INFINITE_RECURSION = YES;
				CLANG_WARN_INT_CONVERSION = YES;
				CLANG_WARN_NON_LITERAL_NULL_CONVERSION = YES;
				CLANG_WARN_OBJC_IMPLICIT_RETAIN_SELF = YES;
				CLANG_WARN_OBJC_LITERAL_CONVERSION = YES;
				CLANG_WARN_OBJC_ROOT_CLASS = YES_ERROR;
				CLANG_WARN_RANGE_LOOP_ANALYSIS = YES;
				CLANG_WARN_STRICT_PROTOTYPES = YES;
				CLANG_WARN_SUSPICIOUS_MOVE = YES;
				CLANG_WARN_UNGUARDED_AVAILABILITY = YES_AGGRESSIVE;
				CLANG_WARN_UNREACHABLE_CODE = YES;
				CLANG_WARN__DUPLICATE_METHOD_MATCH = YES;
				COPY_PHASE_STRIP = NO;
				DEBUG_INFORMATION_FORMAT = dwarf;
				ENABLE_STRICT_OBJC_MSGSEND = YES;
				ENABLE_TESTABILITY = YES;
				GCC_C_LANGUAGE_STANDARD = gnu11;
				GCC_DYNAMIC_NO_PIC = NO;
				GCC_NO_COMMON_BLOCKS = YES;
				GCC_OPTIMIZATION_LEVEL = 0;
				GCC_PREPROCESSOR_DEFINITIONS = (
					"DEBUG=1",
					"$(inherited)",
				);
				GCC_WARN_64_TO_32_BIT_CONVERSION = YES;
				GCC_WARN_ABOUT_RETURN_TYPE = YES_ERROR;
				GCC_WARN_UNDECLARED_SELECTOR = YES;
				GCC_WARN_UNINITIALIZED_AUTOS = YES_AGGRESSIVE;
				GCC_WARN_UNUSED_FUNCTION = YES;
				GCC_WARN_UNUSED_VARIABLE = YES;
				IPHONEOS_DEPLOYMENT_TARGET = 13.1;
				MTL_ENABLE_DEBUG_INFO = INCLUDE_SOURCE;
				MTL_FAST_MATH = YES;
				ONLY_ACTIVE_ARCH = YES;
				SDKROOT = iphoneos;
				SWIFT_ACTIVE_COMPILATION_CONDITIONS = DEBUG;
				SWIFT_OPTIMIZATION_LEVEL = "-Onone";
			};
			name = Debug;
		};
		84C832A423C1ACBF003FF96E /* Release */ = {
			isa = XCBuildConfiguration;
			buildSettings = {
				ALWAYS_SEARCH_USER_PATHS = NO;
				CLANG_ANALYZER_NONNULL = YES;
				CLANG_ANALYZER_NUMBER_OBJECT_CONVERSION = YES_AGGRESSIVE;
				CLANG_CXX_LANGUAGE_STANDARD = "gnu++14";
				CLANG_CXX_LIBRARY = "libc++";
				CLANG_ENABLE_MODULES = YES;
				CLANG_ENABLE_OBJC_ARC = YES;
				CLANG_ENABLE_OBJC_WEAK = YES;
				CLANG_WARN_BLOCK_CAPTURE_AUTORELEASING = YES;
				CLANG_WARN_BOOL_CONVERSION = YES;
				CLANG_WARN_COMMA = YES;
				CLANG_WARN_CONSTANT_CONVERSION = YES;
				CLANG_WARN_DEPRECATED_OBJC_IMPLEMENTATIONS = YES;
				CLANG_WARN_DIRECT_OBJC_ISA_USAGE = YES_ERROR;
				CLANG_WARN_DOCUMENTATION_COMMENTS = YES;
				CLANG_WARN_EMPTY_BODY = YES;
				CLANG_WARN_ENUM_CONVERSION = YES;
				CLANG_WARN_INFINITE_RECURSION = YES;
				CLANG_WARN_INT_CONVERSION = YES;
				CLANG_WARN_NON_LITERAL_NULL_CONVERSION = YES;
				CLANG_WARN_OBJC_IMPLICIT_RETAIN_SELF = YES;
				CLANG_WARN_OBJC_LITERAL_CONVERSION = YES;
				CLANG_WARN_OBJC_ROOT_CLASS = YES_ERROR;
				CLANG_WARN_RANGE_LOOP_ANALYSIS = YES;
				CLANG_WARN_STRICT_PROTOTYPES = YES;
				CLANG_WARN_SUSPICIOUS_MOVE = YES;
				CLANG_WARN_UNGUARDED_AVAILABILITY = YES_AGGRESSIVE;
				CLANG_WARN_UNREACHABLE_CODE = YES;
				CLANG_WARN__DUPLICATE_METHOD_MATCH = YES;
				COPY_PHASE_STRIP = NO;
				DEBUG_INFORMATION_FORMAT = "dwarf-with-dsym";
				ENABLE_NS_ASSERTIONS = NO;
				ENABLE_STRICT_OBJC_MSGSEND = YES;
				GCC_C_LANGUAGE_STANDARD = gnu11;
				GCC_NO_COMMON_BLOCKS = YES;
				GCC_WARN_64_TO_32_BIT_CONVERSION = YES;
				GCC_WARN_ABOUT_RETURN_TYPE = YES_ERROR;
				GCC_WARN_UNDECLARED_SELECTOR = YES;
				GCC_WARN_UNINITIALIZED_AUTOS = YES_AGGRESSIVE;
				GCC_WARN_UNUSED_FUNCTION = YES;
				GCC_WARN_UNUSED_VARIABLE = YES;
				IPHONEOS_DEPLOYMENT_TARGET = 13.1;
				MTL_ENABLE_DEBUG_INFO = NO;
				MTL_FAST_MATH = YES;
				SDKROOT = iphoneos;
				SWIFT_COMPILATION_MODE = wholemodule;
				SWIFT_OPTIMIZATION_LEVEL = "-O";
				VALIDATE_PRODUCT = YES;
			};
			name = Release;
		};
		84C832A623C1ACBF003FF96E /* Debug */ = {
			isa = XCBuildConfiguration;
			buildSettings = {
				ASSETCATALOG_COMPILER_APPICON_NAME = AppIcon;
				CODE_SIGN_STYLE = Automatic;
				DEVELOPMENT_ASSET_PATHS = "\"YouTubeTutorial/Preview Content\"";
				DEVELOPMENT_TEAM = 9H7T33X4LZ;
				ENABLE_PREVIEWS = YES;
				INFOPLIST_FILE = YouTubeTutorial/Info.plist;
				LD_RUNPATH_SEARCH_PATHS = (
					"$(inherited)",
					"@executable_path/Frameworks",
				);
				PRODUCT_BUNDLE_IDENTIFIER = com.YouTubeTutorial;
				PRODUCT_NAME = "$(TARGET_NAME)";
				SWIFT_VERSION = 5.0;
				TARGETED_DEVICE_FAMILY = "1,2";
			};
			name = Debug;
		};
		84C832A723C1ACBF003FF96E /* Release */ = {
			isa = XCBuildConfiguration;
			buildSettings = {
				ASSETCATALOG_COMPILER_APPICON_NAME = AppIcon;
				CODE_SIGN_STYLE = Automatic;
				DEVELOPMENT_ASSET_PATHS = "\"YouTubeTutorial/Preview Content\"";
				DEVELOPMENT_TEAM = 9H7T33X4LZ;
				ENABLE_PREVIEWS = YES;
				INFOPLIST_FILE = YouTubeTutorial/Info.plist;
				LD_RUNPATH_SEARCH_PATHS = (
					"$(inherited)",
					"@executable_path/Frameworks",
				);
				PRODUCT_BUNDLE_IDENTIFIER = com.YouTubeTutorial;
				PRODUCT_NAME = "$(TARGET_NAME)";
				SWIFT_VERSION = 5.0;
				TARGETED_DEVICE_FAMILY = "1,2";
			};
			name = Release;
		};
/* End XCBuildConfiguration section */

/* Begin XCConfigurationList section */
		84C8328C23C1ACBD003FF96E /* Build configuration list for PBXProject "YouTubeTutorial" */ = {
			isa = XCConfigurationList;
			buildConfigurations = (
				84C832A323C1ACBF003FF96E /* Debug */,
				84C832A423C1ACBF003FF96E /* Release */,
			);
			defaultConfigurationIsVisible = 0;
			defaultConfigurationName = Release;
		};
		84C832A523C1ACBF003FF96E /* Build configuration list for PBXNativeTarget "YouTubeTutorial" */ = {
			isa = XCConfigurationList;
			buildConfigurations = (
				84C832A623C1ACBF003FF96E /* Debug */,
				84C832A723C1ACBF003FF96E /* Release */,
			);
			defaultConfigurationIsVisible = 0;
			defaultConfigurationName = Release;
		};
/* End XCConfigurationList section */
	};
	rootObject = 84C8328923C1ACBD003FF96E /* Project object */;
}
